// !$*UTF8*$!
{
	archiveVersion = 1;
	classes = {
	};
	objectVersion = 46;
	objects = {

/* Begin PBXBuildFile section */
		FF2A5495150E4F4000553DA6 /* DBAccountInfo.h in Headers */ = {isa = PBXBuildFile; fileRef = FF2A5446150E4F4000553DA6 /* DBAccountInfo.h */; };
		FF2A5496150E4F4000553DA6 /* DBAccountInfo.m in Sources */ = {isa = PBXBuildFile; fileRef = FF2A5447150E4F4000553DA6 /* DBAccountInfo.m */; };
		FF2A5497150E4F4000553DA6 /* DBDefines.h in Headers */ = {isa = PBXBuildFile; fileRef = FF2A5448150E4F4000553DA6 /* DBDefines.h */; };
		FF2A5498150E4F4000553DA6 /* DBError.h in Headers */ = {isa = PBXBuildFile; fileRef = FF2A5449150E4F4000553DA6 /* DBError.h */; };
		FF2A5499150E4F4000553DA6 /* DBError.m in Sources */ = {isa = PBXBuildFile; fileRef = FF2A544A150E4F4000553DA6 /* DBError.m */; };
		FF2A549A150E4F4000553DA6 /* DBLoadingView.h in Headers */ = {isa = PBXBuildFile; fileRef = FF2A544B150E4F4000553DA6 /* DBLoadingView.h */; };
		FF2A549B150E4F4000553DA6 /* DBLoadingView.m in Sources */ = {isa = PBXBuildFile; fileRef = FF2A544C150E4F4000553DA6 /* DBLoadingView.m */; };
		FF2A549C150E4F4000553DA6 /* DBLog.h in Headers */ = {isa = PBXBuildFile; fileRef = FF2A544D150E4F4000553DA6 /* DBLog.h */; };
		FF2A549D150E4F4000553DA6 /* DBLog.m in Sources */ = {isa = PBXBuildFile; fileRef = FF2A544E150E4F4000553DA6 /* DBLog.m */; };
		FF2A549E150E4F4000553DA6 /* DBMetadata.h in Headers */ = {isa = PBXBuildFile; fileRef = FF2A544F150E4F4000553DA6 /* DBMetadata.h */; };
		FF2A549F150E4F4000553DA6 /* DBMetadata.m in Sources */ = {isa = PBXBuildFile; fileRef = FF2A5450150E4F4000553DA6 /* DBMetadata.m */; };
		FF2A54A0150E4F4000553DA6 /* DBQuota.h in Headers */ = {isa = PBXBuildFile; fileRef = FF2A5451150E4F4000553DA6 /* DBQuota.h */; };
		FF2A54A1150E4F4000553DA6 /* DBQuota.m in Sources */ = {isa = PBXBuildFile; fileRef = FF2A5452150E4F4000553DA6 /* DBQuota.m */; };
		FF2A54A2150E4F4000553DA6 /* DBRequest.h in Headers */ = {isa = PBXBuildFile; fileRef = FF2A5453150E4F4000553DA6 /* DBRequest.h */; };
		FF2A54A3150E4F4000553DA6 /* DBRequest.m in Sources */ = {isa = PBXBuildFile; fileRef = FF2A5454150E4F4000553DA6 /* DBRequest.m */; };
		FF2A54A4150E4F4000553DA6 /* DBRestClient.h in Headers */ = {isa = PBXBuildFile; fileRef = FF2A5455150E4F4000553DA6 /* DBRestClient.h */; };
		FF2A54A5150E4F4000553DA6 /* DBRestClient.m in Sources */ = {isa = PBXBuildFile; fileRef = FF2A5456150E4F4000553DA6 /* DBRestClient.m */; };
		FF2A54A6150E4F4000553DA6 /* DBSession.h in Headers */ = {isa = PBXBuildFile; fileRef = FF2A5457150E4F4000553DA6 /* DBSession.h */; };
		FF2A54A7150E4F4000553DA6 /* DBSession.m in Sources */ = {isa = PBXBuildFile; fileRef = FF2A5458150E4F4000553DA6 /* DBSession.m */; };
		FF2A54A8150E4F4000553DA6 /* DropboxSDK.h in Headers */ = {isa = PBXBuildFile; fileRef = FF2A5459150E4F4000553DA6 /* DropboxSDK.h */; };
		FF2A54A9150E4F4000553DA6 /* DBJSON.h in Headers */ = {isa = PBXBuildFile; fileRef = FF2A545B150E4F4000553DA6 /* DBJSON.h */; };
		FF2A54AA150E4F4000553DA6 /* DBJSON.m in Sources */ = {isa = PBXBuildFile; fileRef = FF2A545C150E4F4000553DA6 /* DBJSON.m */; };
		FF2A54AB150E4F4000553DA6 /* DBJsonBase.h in Headers */ = {isa = PBXBuildFile; fileRef = FF2A545D150E4F4000553DA6 /* DBJsonBase.h */; };
		FF2A54AC150E4F4000553DA6 /* DBJsonBase.m in Sources */ = {isa = PBXBuildFile; fileRef = FF2A545E150E4F4000553DA6 /* DBJsonBase.m */; };
		FF2A54AD150E4F4000553DA6 /* DBJsonParser.h in Headers */ = {isa = PBXBuildFile; fileRef = FF2A545F150E4F4000553DA6 /* DBJsonParser.h */; };
		FF2A54AE150E4F4000553DA6 /* DBJsonParser.m in Sources */ = {isa = PBXBuildFile; fileRef = FF2A5460150E4F4000553DA6 /* DBJsonParser.m */; };
		FF2A54AF150E4F4000553DA6 /* DBJsonWriter.h in Headers */ = {isa = PBXBuildFile; fileRef = FF2A5461150E4F4000553DA6 /* DBJsonWriter.h */; };
		FF2A54B0150E4F4000553DA6 /* DBJsonWriter.m in Sources */ = {isa = PBXBuildFile; fileRef = FF2A5462150E4F4000553DA6 /* DBJsonWriter.m */; };
		FF2A54B1150E4F4000553DA6 /* JSON.h in Headers */ = {isa = PBXBuildFile; fileRef = FF2A5463150E4F4000553DA6 /* JSON.h */; };
		FF2A54B2150E4F4000553DA6 /* NSObject+DBJSON.h in Headers */ = {isa = PBXBuildFile; fileRef = FF2A5464150E4F4000553DA6 /* NSObject+DBJSON.h */; };
		FF2A54B3150E4F4000553DA6 /* NSObject+DBJSON.m in Sources */ = {isa = PBXBuildFile; fileRef = FF2A5465150E4F4000553DA6 /* NSObject+DBJSON.m */; };
		FF2A54B4150E4F4000553DA6 /* NSString+DBJSON.h in Headers */ = {isa = PBXBuildFile; fileRef = FF2A5466150E4F4000553DA6 /* NSString+DBJSON.h */; };
		FF2A54B5150E4F4000553DA6 /* NSString+DBJSON.m in Sources */ = {isa = PBXBuildFile; fileRef = FF2A5467150E4F4000553DA6 /* NSString+DBJSON.m */; };
		FF2A54B6150E4F4000553DA6 /* Base64Transcoder.c in Sources */ = {isa = PBXBuildFile; fileRef = FF2A546A150E4F4000553DA6 /* Base64Transcoder.c */; };
		FF2A54B7150E4F4000553DA6 /* Base64Transcoder.h in Headers */ = {isa = PBXBuildFile; fileRef = FF2A546B150E4F4000553DA6 /* Base64Transcoder.h */; };
		FF2A54B8150E4F4000553DA6 /* MPDebug.h in Headers */ = {isa = PBXBuildFile; fileRef = FF2A546C150E4F4000553DA6 /* MPDebug.h */; };
		FF2A54B9150E4F4000553DA6 /* MPOAuth.h in Headers */ = {isa = PBXBuildFile; fileRef = FF2A546D150E4F4000553DA6 /* MPOAuth.h */; };
		FF2A54BA150E4F4000553DA6 /* MPOAuthAPI.h in Headers */ = {isa = PBXBuildFile; fileRef = FF2A546E150E4F4000553DA6 /* MPOAuthAPI.h */; };
		FF2A54BB150E4F4000553DA6 /* MPOAuthAPI.m in Sources */ = {isa = PBXBuildFile; fileRef = FF2A546F150E4F4000553DA6 /* MPOAuthAPI.m */; };
		FF2A54BC150E4F4000553DA6 /* MPOAuthAPIRequestLoader.h in Headers */ = {isa = PBXBuildFile; fileRef = FF2A5470150E4F4000553DA6 /* MPOAuthAPIRequestLoader.h */; };
		FF2A54BD150E4F4000553DA6 /* MPOAuthAPIRequestLoader.m in Sources */ = {isa = PBXBuildFile; fileRef = FF2A5471150E4F4000553DA6 /* MPOAuthAPIRequestLoader.m */; };
		FF2A54BE150E4F4000553DA6 /* MPOAuthAuthenticationMethod.h in Headers */ = {isa = PBXBuildFile; fileRef = FF2A5472150E4F4000553DA6 /* MPOAuthAuthenticationMethod.h */; };
		FF2A54BF150E4F4000553DA6 /* MPOAuthAuthenticationMethod.m in Sources */ = {isa = PBXBuildFile; fileRef = FF2A5473150E4F4000553DA6 /* MPOAuthAuthenticationMethod.m */; };
		FF2A54C0150E4F4000553DA6 /* MPOAuthAuthenticationMethodOAuth.h in Headers */ = {isa = PBXBuildFile; fileRef = FF2A5474150E4F4000553DA6 /* MPOAuthAuthenticationMethodOAuth.h */; };
		FF2A54C1150E4F4000553DA6 /* MPOAuthAuthenticationMethodOAuth.m in Sources */ = {isa = PBXBuildFile; fileRef = FF2A5475150E4F4000553DA6 /* MPOAuthAuthenticationMethodOAuth.m */; };
		FF2A54C2150E4F4000553DA6 /* MPOAuthConnection.h in Headers */ = {isa = PBXBuildFile; fileRef = FF2A5476150E4F4000553DA6 /* MPOAuthConnection.h */; };
		FF2A54C3150E4F4000553DA6 /* MPOAuthConnection.m in Sources */ = {isa = PBXBuildFile; fileRef = FF2A5477150E4F4000553DA6 /* MPOAuthConnection.m */; };
		FF2A54C4150E4F4000553DA6 /* MPOAuthCredentiaIConcreteStore+KeychainAdditionsMac.m in Sources */ = {isa = PBXBuildFile; fileRef = FF2A5478150E4F4000553DA6 /* MPOAuthCredentiaIConcreteStore+KeychainAdditionsMac.m */; };
		FF2A54C5150E4F4000553DA6 /* MPOAuthCredentialConcreteStore+KeychainAdditions.h in Headers */ = {isa = PBXBuildFile; fileRef = FF2A5479150E4F4000553DA6 /* MPOAuthCredentialConcreteStore+KeychainAdditions.h */; };
		FF2A54C6150E4F4000553DA6 /* MPOAuthCredentialConcreteStore+KeychainAdditionsiPhone.m in Sources */ = {isa = PBXBuildFile; fileRef = FF2A547A150E4F4000553DA6 /* MPOAuthCredentialConcreteStore+KeychainAdditionsiPhone.m */; };
		FF2A54C7150E4F4000553DA6 /* MPOAuthCredentialConcreteStore.h in Headers */ = {isa = PBXBuildFile; fileRef = FF2A547B150E4F4000553DA6 /* MPOAuthCredentialConcreteStore.h */; };
		FF2A54C8150E4F4000553DA6 /* MPOAuthCredentialConcreteStore.m in Sources */ = {isa = PBXBuildFile; fileRef = FF2A547C150E4F4000553DA6 /* MPOAuthCredentialConcreteStore.m */; };
		FF2A54C9150E4F4000553DA6 /* MPOAuthCredentialStore.h in Headers */ = {isa = PBXBuildFile; fileRef = FF2A547D150E4F4000553DA6 /* MPOAuthCredentialStore.h */; };
		FF2A54CA150E4F4000553DA6 /* MPOAuthParameterFactory.h in Headers */ = {isa = PBXBuildFile; fileRef = FF2A547E150E4F4000553DA6 /* MPOAuthParameterFactory.h */; };
		FF2A54CB150E4F4000553DA6 /* MPOAuthSignatureParameter.h in Headers */ = {isa = PBXBuildFile; fileRef = FF2A547F150E4F4000553DA6 /* MPOAuthSignatureParameter.h */; };
		FF2A54CC150E4F4000553DA6 /* MPOAuthSignatureParameter.m in Sources */ = {isa = PBXBuildFile; fileRef = FF2A5480150E4F4000553DA6 /* MPOAuthSignatureParameter.m */; };
		FF2A54CD150E4F4000553DA6 /* MPOAuthURLRequest.h in Headers */ = {isa = PBXBuildFile; fileRef = FF2A5481150E4F4000553DA6 /* MPOAuthURLRequest.h */; };
		FF2A54CE150E4F4000553DA6 /* MPOAuthURLRequest.m in Sources */ = {isa = PBXBuildFile; fileRef = FF2A5482150E4F4000553DA6 /* MPOAuthURLRequest.m */; };
		FF2A54CF150E4F4000553DA6 /* MPOAuthURLResponse.h in Headers */ = {isa = PBXBuildFile; fileRef = FF2A5483150E4F4000553DA6 /* MPOAuthURLResponse.h */; };
		FF2A54D0150E4F4000553DA6 /* MPOAuthURLResponse.m in Sources */ = {isa = PBXBuildFile; fileRef = FF2A5484150E4F4000553DA6 /* MPOAuthURLResponse.m */; };
		FF2A54D1150E4F4000553DA6 /* MPURLRequestParameter.h in Headers */ = {isa = PBXBuildFile; fileRef = FF2A5485150E4F4000553DA6 /* MPURLRequestParameter.h */; };
		FF2A54D2150E4F4000553DA6 /* MPURLRequestParameter.m in Sources */ = {isa = PBXBuildFile; fileRef = FF2A5486150E4F4000553DA6 /* MPURLRequestParameter.m */; };
		FF2A54D3150E4F4000553DA6 /* NSString+URLEscapingAdditions.m in Sources */ = {isa = PBXBuildFile; fileRef = FF2A5487150E4F4000553DA6 /* NSString+URLEscapingAdditions.m */; };
		FF2A54D4150E4F4000553DA6 /* NSURL+MPURLParameterAdditions.m in Sources */ = {isa = PBXBuildFile; fileRef = FF2A5488150E4F4000553DA6 /* NSURL+MPURLParameterAdditions.m */; };
		FF2A54D5150E4F4000553DA6 /* NSURLResponse+Encoding.m in Sources */ = {isa = PBXBuildFile; fileRef = FF2A5489150E4F4000553DA6 /* NSURLResponse+Encoding.m */; };
		FF2A54D6150E4F4000553DA6 /* NSDictionary+Dropbox.h in Headers */ = {isa = PBXBuildFile; fileRef = FF2A548A150E4F4000553DA6 /* NSDictionary+Dropbox.h */; };
		FF2A54D7150E4F4000553DA6 /* NSDictionary+Dropbox.m in Sources */ = {isa = PBXBuildFile; fileRef = FF2A548B150E4F4000553DA6 /* NSDictionary+Dropbox.m */; };
		FF2A54DA150E4F4000553DA6 /* NSString+Dropbox.h in Headers */ = {isa = PBXBuildFile; fileRef = FF2A548E150E4F4000553DA6 /* NSString+Dropbox.h */; };
		FF2A54DB150E4F4000553DA6 /* NSString+Dropbox.m in Sources */ = {isa = PBXBuildFile; fileRef = FF2A548F150E4F4000553DA6 /* NSString+Dropbox.m */; };
		FF2A54DF150E4F4000553DA6 /* UIAlertView+Dropbox.h in Headers */ = {isa = PBXBuildFile; fileRef = FF2A5493150E4F4000553DA6 /* UIAlertView+Dropbox.h */; };
		FF2A54E0150E4F4000553DA6 /* UIAlertView+Dropbox.m in Sources */ = {isa = PBXBuildFile; fileRef = FF2A5494150E4F4000553DA6 /* UIAlertView+Dropbox.m */; };
		FF2AC62A140D599700263CB4 /* Security.framework in Frameworks */ = {isa = PBXBuildFile; fileRef = FF2AC629140D599700263CB4 /* Security.framework */; };
		FF779E74140BF47D00BB974C /* Foundation.framework in Frameworks */ = {isa = PBXBuildFile; fileRef = FF779E73140BF47D00BB974C /* Foundation.framework */; };
		FF779F2C140BF4DB00BB974C /* IRDroplet.h in Headers */ = {isa = PBXBuildFile; fileRef = FF779F2A140BF4DB00BB974C /* IRDroplet.h */; };
		FF779F2D140BF4DB00BB974C /* IRDroplet.m in Sources */ = {isa = PBXBuildFile; fileRef = FF779F2B140BF4DB00BB974C /* IRDroplet.m */; };
		FF779F2F140BF4DF00BB974C /* IRDroplet-Prefix.pch in Headers */ = {isa = PBXBuildFile; fileRef = FF779F2E140BF4DF00BB974C /* IRDroplet-Prefix.pch */; };
		FF779F35140BF51D00BB974C /* UIKit.framework in Frameworks */ = {isa = PBXBuildFile; fileRef = FF779F34140BF51D00BB974C /* UIKit.framework */; };
		FF779F37140BF52000BB974C /* CoreGraphics.framework in Frameworks */ = {isa = PBXBuildFile; fileRef = FF779F36140BF52000BB974C /* CoreGraphics.framework */; };
/* End PBXBuildFile section */

/* Begin PBXFileReference section */
		FF2A5446150E4F4000553DA6 /* DBAccountInfo.h */ = {isa = PBXFileReference; fileEncoding = 4; lastKnownFileType = sourcecode.c.h; path = DBAccountInfo.h; sourceTree = "<group>"; };
		FF2A5447150E4F4000553DA6 /* DBAccountInfo.m */ = {isa = PBXFileReference; fileEncoding = 4; lastKnownFileType = sourcecode.c.objc; path = DBAccountInfo.m; sourceTree = "<group>"; };
		FF2A5448150E4F4000553DA6 /* DBDefines.h */ = {isa = PBXFileReference; fileEncoding = 4; lastKnownFileType = sourcecode.c.h; path = DBDefines.h; sourceTree = "<group>"; };
		FF2A5449150E4F4000553DA6 /* DBError.h */ = {isa = PBXFileReference; fileEncoding = 4; lastKnownFileType = sourcecode.c.h; path = DBError.h; sourceTree = "<group>"; };
		FF2A544A150E4F4000553DA6 /* DBError.m */ = {isa = PBXFileReference; fileEncoding = 4; lastKnownFileType = sourcecode.c.objc; path = DBError.m; sourceTree = "<group>"; };
		FF2A544B150E4F4000553DA6 /* DBLoadingView.h */ = {isa = PBXFileReference; fileEncoding = 4; lastKnownFileType = sourcecode.c.h; path = DBLoadingView.h; sourceTree = "<group>"; };
		FF2A544C150E4F4000553DA6 /* DBLoadingView.m */ = {isa = PBXFileReference; fileEncoding = 4; lastKnownFileType = sourcecode.c.objc; path = DBLoadingView.m; sourceTree = "<group>"; };
		FF2A544D150E4F4000553DA6 /* DBLog.h */ = {isa = PBXFileReference; fileEncoding = 4; lastKnownFileType = sourcecode.c.h; path = DBLog.h; sourceTree = "<group>"; };
		FF2A544E150E4F4000553DA6 /* DBLog.m */ = {isa = PBXFileReference; fileEncoding = 4; lastKnownFileType = sourcecode.c.objc; path = DBLog.m; sourceTree = "<group>"; };
		FF2A544F150E4F4000553DA6 /* DBMetadata.h */ = {isa = PBXFileReference; fileEncoding = 4; lastKnownFileType = sourcecode.c.h; path = DBMetadata.h; sourceTree = "<group>"; };
		FF2A5450150E4F4000553DA6 /* DBMetadata.m */ = {isa = PBXFileReference; fileEncoding = 4; lastKnownFileType = sourcecode.c.objc; path = DBMetadata.m; sourceTree = "<group>"; };
		FF2A5451150E4F4000553DA6 /* DBQuota.h */ = {isa = PBXFileReference; fileEncoding = 4; lastKnownFileType = sourcecode.c.h; path = DBQuota.h; sourceTree = "<group>"; };
		FF2A5452150E4F4000553DA6 /* DBQuota.m */ = {isa = PBXFileReference; fileEncoding = 4; lastKnownFileType = sourcecode.c.objc; path = DBQuota.m; sourceTree = "<group>"; };
		FF2A5453150E4F4000553DA6 /* DBRequest.h */ = {isa = PBXFileReference; fileEncoding = 4; lastKnownFileType = sourcecode.c.h; path = DBRequest.h; sourceTree = "<group>"; };
		FF2A5454150E4F4000553DA6 /* DBRequest.m */ = {isa = PBXFileReference; fileEncoding = 4; lastKnownFileType = sourcecode.c.objc; path = DBRequest.m; sourceTree = "<group>"; };
		FF2A5455150E4F4000553DA6 /* DBRestClient.h */ = {isa = PBXFileReference; fileEncoding = 4; lastKnownFileType = sourcecode.c.h; path = DBRestClient.h; sourceTree = "<group>"; };
		FF2A5456150E4F4000553DA6 /* DBRestClient.m */ = {isa = PBXFileReference; fileEncoding = 4; lastKnownFileType = sourcecode.c.objc; path = DBRestClient.m; sourceTree = "<group>"; };
		FF2A5457150E4F4000553DA6 /* DBSession.h */ = {isa = PBXFileReference; fileEncoding = 4; lastKnownFileType = sourcecode.c.h; path = DBSession.h; sourceTree = "<group>"; };
		FF2A5458150E4F4000553DA6 /* DBSession.m */ = {isa = PBXFileReference; fileEncoding = 4; lastKnownFileType = sourcecode.c.objc; path = DBSession.m; sourceTree = "<group>"; };
		FF2A5459150E4F4000553DA6 /* DropboxSDK.h */ = {isa = PBXFileReference; fileEncoding = 4; lastKnownFileType = sourcecode.c.h; path = DropboxSDK.h; sourceTree = "<group>"; };
		FF2A545B150E4F4000553DA6 /* DBJSON.h */ = {isa = PBXFileReference; fileEncoding = 4; lastKnownFileType = sourcecode.c.h; path = DBJSON.h; sourceTree = "<group>"; };
		FF2A545C150E4F4000553DA6 /* DBJSON.m */ = {isa = PBXFileReference; fileEncoding = 4; lastKnownFileType = sourcecode.c.objc; path = DBJSON.m; sourceTree = "<group>"; };
		FF2A545D150E4F4000553DA6 /* DBJsonBase.h */ = {isa = PBXFileReference; fileEncoding = 4; lastKnownFileType = sourcecode.c.h; path = DBJsonBase.h; sourceTree = "<group>"; };
		FF2A545E150E4F4000553DA6 /* DBJsonBase.m */ = {isa = PBXFileReference; fileEncoding = 4; lastKnownFileType = sourcecode.c.objc; path = DBJsonBase.m; sourceTree = "<group>"; };
		FF2A545F150E4F4000553DA6 /* DBJsonParser.h */ = {isa = PBXFileReference; fileEncoding = 4; lastKnownFileType = sourcecode.c.h; path = DBJsonParser.h; sourceTree = "<group>"; };
		FF2A5460150E4F4000553DA6 /* DBJsonParser.m */ = {isa = PBXFileReference; fileEncoding = 4; lastKnownFileType = sourcecode.c.objc; path = DBJsonParser.m; sourceTree = "<group>"; };
		FF2A5461150E4F4000553DA6 /* DBJsonWriter.h */ = {isa = PBXFileReference; fileEncoding = 4; lastKnownFileType = sourcecode.c.h; path = DBJsonWriter.h; sourceTree = "<group>"; };
		FF2A5462150E4F4000553DA6 /* DBJsonWriter.m */ = {isa = PBXFileReference; fileEncoding = 4; lastKnownFileType = sourcecode.c.objc; path = DBJsonWriter.m; sourceTree = "<group>"; };
		FF2A5463150E4F4000553DA6 /* JSON.h */ = {isa = PBXFileReference; fileEncoding = 4; lastKnownFileType = sourcecode.c.h; path = JSON.h; sourceTree = "<group>"; };
		FF2A5464150E4F4000553DA6 /* NSObject+DBJSON.h */ = {isa = PBXFileReference; fileEncoding = 4; lastKnownFileType = sourcecode.c.h; path = "NSObject+DBJSON.h"; sourceTree = "<group>"; };
		FF2A5465150E4F4000553DA6 /* NSObject+DBJSON.m */ = {isa = PBXFileReference; fileEncoding = 4; lastKnownFileType = sourcecode.c.objc; path = "NSObject+DBJSON.m"; sourceTree = "<group>"; };
		FF2A5466150E4F4000553DA6 /* NSString+DBJSON.h */ = {isa = PBXFileReference; fileEncoding = 4; lastKnownFileType = sourcecode.c.h; path = "NSString+DBJSON.h"; sourceTree = "<group>"; };
		FF2A5467150E4F4000553DA6 /* NSString+DBJSON.m */ = {isa = PBXFileReference; fileEncoding = 4; lastKnownFileType = sourcecode.c.objc; path = "NSString+DBJSON.m"; sourceTree = "<group>"; };
		FF2A546A150E4F4000553DA6 /* Base64Transcoder.c */ = {isa = PBXFileReference; fileEncoding = 4; lastKnownFileType = sourcecode.c.c; path = Base64Transcoder.c; sourceTree = "<group>"; };
		FF2A546B150E4F4000553DA6 /* Base64Transcoder.h */ = {isa = PBXFileReference; fileEncoding = 4; lastKnownFileType = sourcecode.c.h; path = Base64Transcoder.h; sourceTree = "<group>"; };
		FF2A546C150E4F4000553DA6 /* MPDebug.h */ = {isa = PBXFileReference; fileEncoding = 4; lastKnownFileType = sourcecode.c.h; path = MPDebug.h; sourceTree = "<group>"; };
		FF2A546D150E4F4000553DA6 /* MPOAuth.h */ = {isa = PBXFileReference; fileEncoding = 4; lastKnownFileType = sourcecode.c.h; path = MPOAuth.h; sourceTree = "<group>"; };
		FF2A546E150E4F4000553DA6 /* MPOAuthAPI.h */ = {isa = PBXFileReference; fileEncoding = 4; lastKnownFileType = sourcecode.c.h; path = MPOAuthAPI.h; sourceTree = "<group>"; };
		FF2A546F150E4F4000553DA6 /* MPOAuthAPI.m */ = {isa = PBXFileReference; fileEncoding = 4; lastKnownFileType = sourcecode.c.objc; path = MPOAuthAPI.m; sourceTree = "<group>"; };
		FF2A5470150E4F4000553DA6 /* MPOAuthAPIRequestLoader.h */ = {isa = PBXFileReference; fileEncoding = 4; lastKnownFileType = sourcecode.c.h; path = MPOAuthAPIRequestLoader.h; sourceTree = "<group>"; };
		FF2A5471150E4F4000553DA6 /* MPOAuthAPIRequestLoader.m */ = {isa = PBXFileReference; fileEncoding = 4; lastKnownFileType = sourcecode.c.objc; path = MPOAuthAPIRequestLoader.m; sourceTree = "<group>"; };
		FF2A5472150E4F4000553DA6 /* MPOAuthAuthenticationMethod.h */ = {isa = PBXFileReference; fileEncoding = 4; lastKnownFileType = sourcecode.c.h; path = MPOAuthAuthenticationMethod.h; sourceTree = "<group>"; };
		FF2A5473150E4F4000553DA6 /* MPOAuthAuthenticationMethod.m */ = {isa = PBXFileReference; fileEncoding = 4; lastKnownFileType = sourcecode.c.objc; path = MPOAuthAuthenticationMethod.m; sourceTree = "<group>"; };
		FF2A5474150E4F4000553DA6 /* MPOAuthAuthenticationMethodOAuth.h */ = {isa = PBXFileReference; fileEncoding = 4; lastKnownFileType = sourcecode.c.h; path = MPOAuthAuthenticationMethodOAuth.h; sourceTree = "<group>"; };
		FF2A5475150E4F4000553DA6 /* MPOAuthAuthenticationMethodOAuth.m */ = {isa = PBXFileReference; fileEncoding = 4; lastKnownFileType = sourcecode.c.objc; path = MPOAuthAuthenticationMethodOAuth.m; sourceTree = "<group>"; };
		FF2A5476150E4F4000553DA6 /* MPOAuthConnection.h */ = {isa = PBXFileReference; fileEncoding = 4; lastKnownFileType = sourcecode.c.h; path = MPOAuthConnection.h; sourceTree = "<group>"; };
		FF2A5477150E4F4000553DA6 /* MPOAuthConnection.m */ = {isa = PBXFileReference; fileEncoding = 4; lastKnownFileType = sourcecode.c.objc; path = MPOAuthConnection.m; sourceTree = "<group>"; };
		FF2A5478150E4F4000553DA6 /* MPOAuthCredentiaIConcreteStore+KeychainAdditionsMac.m */ = {isa = PBXFileReference; fileEncoding = 4; lastKnownFileType = sourcecode.c.objc; path = "MPOAuthCredentiaIConcreteStore+KeychainAdditionsMac.m"; sourceTree = "<group>"; };
		FF2A5479150E4F4000553DA6 /* MPOAuthCredentialConcreteStore+KeychainAdditions.h */ = {isa = PBXFileReference; fileEncoding = 4; lastKnownFileType = sourcecode.c.h; path = "MPOAuthCredentialConcreteStore+KeychainAdditions.h"; sourceTree = "<group>"; };
		FF2A547A150E4F4000553DA6 /* MPOAuthCredentialConcreteStore+KeychainAdditionsiPhone.m */ = {isa = PBXFileReference; fileEncoding = 4; lastKnownFileType = sourcecode.c.objc; path = "MPOAuthCredentialConcreteStore+KeychainAdditionsiPhone.m"; sourceTree = "<group>"; };
		FF2A547B150E4F4000553DA6 /* MPOAuthCredentialConcreteStore.h */ = {isa = PBXFileReference; fileEncoding = 4; lastKnownFileType = sourcecode.c.h; path = MPOAuthCredentialConcreteStore.h; sourceTree = "<group>"; };
		FF2A547C150E4F4000553DA6 /* MPOAuthCredentialConcreteStore.m */ = {isa = PBXFileReference; fileEncoding = 4; lastKnownFileType = sourcecode.c.objc; path = MPOAuthCredentialConcreteStore.m; sourceTree = "<group>"; };
		FF2A547D150E4F4000553DA6 /* MPOAuthCredentialStore.h */ = {isa = PBXFileReference; fileEncoding = 4; lastKnownFileType = sourcecode.c.h; path = MPOAuthCredentialStore.h; sourceTree = "<group>"; };
		FF2A547E150E4F4000553DA6 /* MPOAuthParameterFactory.h */ = {isa = PBXFileReference; fileEncoding = 4; lastKnownFileType = sourcecode.c.h; path = MPOAuthParameterFactory.h; sourceTree = "<group>"; };
		FF2A547F150E4F4000553DA6 /* MPOAuthSignatureParameter.h */ = {isa = PBXFileReference; fileEncoding = 4; lastKnownFileType = sourcecode.c.h; path = MPOAuthSignatureParameter.h; sourceTree = "<group>"; };
		FF2A5480150E4F4000553DA6 /* MPOAuthSignatureParameter.m */ = {isa = PBXFileReference; fileEncoding = 4; lastKnownFileType = sourcecode.c.objc; path = MPOAuthSignatureParameter.m; sourceTree = "<group>"; };
		FF2A5481150E4F4000553DA6 /* MPOAuthURLRequest.h */ = {isa = PBXFileReference; fileEncoding = 4; lastKnownFileType = sourcecode.c.h; path = MPOAuthURLRequest.h; sourceTree = "<group>"; };
		FF2A5482150E4F4000553DA6 /* MPOAuthURLRequest.m */ = {isa = PBXFileReference; fileEncoding = 4; lastKnownFileType = sourcecode.c.objc; path = MPOAuthURLRequest.m; sourceTree = "<group>"; };
		FF2A5483150E4F4000553DA6 /* MPOAuthURLResponse.h */ = {isa = PBXFileReference; fileEncoding = 4; lastKnownFileType = sourcecode.c.h; path = MPOAuthURLResponse.h; sourceTree = "<group>"; };
		FF2A5484150E4F4000553DA6 /* MPOAuthURLResponse.m */ = {isa = PBXFileReference; fileEncoding = 4; lastKnownFileType = sourcecode.c.objc; path = MPOAuthURLResponse.m; sourceTree = "<group>"; };
		FF2A5485150E4F4000553DA6 /* MPURLRequestParameter.h */ = {isa = PBXFileReference; fileEncoding = 4; lastKnownFileType = sourcecode.c.h; path = MPURLRequestParameter.h; sourceTree = "<group>"; };
		FF2A5486150E4F4000553DA6 /* MPURLRequestParameter.m */ = {isa = PBXFileReference; fileEncoding = 4; lastKnownFileType = sourcecode.c.objc; path = MPURLRequestParameter.m; sourceTree = "<group>"; };
		FF2A5487150E4F4000553DA6 /* NSString+URLEscapingAdditions.m */ = {isa = PBXFileReference; fileEncoding = 4; lastKnownFileType = sourcecode.c.objc; path = "NSString+URLEscapingAdditions.m"; sourceTree = "<group>"; };
		FF2A5488150E4F4000553DA6 /* NSURL+MPURLParameterAdditions.m */ = {isa = PBXFileReference; fileEncoding = 4; lastKnownFileType = sourcecode.c.objc; path = "NSURL+MPURLParameterAdditions.m"; sourceTree = "<group>"; };
		FF2A5489150E4F4000553DA6 /* NSURLResponse+Encoding.m */ = {isa = PBXFileReference; fileEncoding = 4; lastKnownFileType = sourcecode.c.objc; path = "NSURLResponse+Encoding.m"; sourceTree = "<group>"; };
		FF2A548A150E4F4000553DA6 /* NSDictionary+Dropbox.h */ = {isa = PBXFileReference; fileEncoding = 4; lastKnownFileType = sourcecode.c.h; path = "NSDictionary+Dropbox.h"; sourceTree = "<group>"; };
		FF2A548B150E4F4000553DA6 /* NSDictionary+Dropbox.m */ = {isa = PBXFileReference; fileEncoding = 4; lastKnownFileType = sourcecode.c.objc; path = "NSDictionary+Dropbox.m"; sourceTree = "<group>"; };
		FF2A548E150E4F4000553DA6 /* NSString+Dropbox.h */ = {isa = PBXFileReference; fileEncoding = 4; lastKnownFileType = sourcecode.c.h; path = "NSString+Dropbox.h"; sourceTree = "<group>"; };
		FF2A548F150E4F4000553DA6 /* NSString+Dropbox.m */ = {isa = PBXFileReference; fileEncoding = 4; lastKnownFileType = sourcecode.c.objc; path = "NSString+Dropbox.m"; sourceTree = "<group>"; };
		FF2A5493150E4F4000553DA6 /* UIAlertView+Dropbox.h */ = {isa = PBXFileReference; fileEncoding = 4; lastKnownFileType = sourcecode.c.h; path = "UIAlertView+Dropbox.h"; sourceTree = "<group>"; };
		FF2A5494150E4F4000553DA6 /* UIAlertView+Dropbox.m */ = {isa = PBXFileReference; fileEncoding = 4; lastKnownFileType = sourcecode.c.objc; path = "UIAlertView+Dropbox.m"; sourceTree = "<group>"; };
		FF2AC629140D599700263CB4 /* Security.framework */ = {isa = PBXFileReference; lastKnownFileType = wrapper.framework; name = Security.framework; path = System/Library/Frameworks/Security.framework; sourceTree = SDKROOT; };
		FF779E70140BF47D00BB974C /* libIRDroplet.a */ = {isa = PBXFileReference; explicitFileType = archive.ar; includeInIndex = 0; path = libIRDroplet.a; sourceTree = BUILT_PRODUCTS_DIR; };
		FF779E73140BF47D00BB974C /* Foundation.framework */ = {isa = PBXFileReference; lastKnownFileType = wrapper.framework; name = Foundation.framework; path = System/Library/Frameworks/Foundation.framework; sourceTree = SDKROOT; };
		FF779F2A140BF4DB00BB974C /* IRDroplet.h */ = {isa = PBXFileReference; fileEncoding = 4; lastKnownFileType = sourcecode.c.h; name = IRDroplet.h; path = IRDroplet/IRDroplet.h; sourceTree = SOURCE_ROOT; };
		FF779F2B140BF4DB00BB974C /* IRDroplet.m */ = {isa = PBXFileReference; fileEncoding = 4; lastKnownFileType = sourcecode.c.objc; name = IRDroplet.m; path = IRDroplet/IRDroplet.m; sourceTree = SOURCE_ROOT; };
		FF779F2E140BF4DF00BB974C /* IRDroplet-Prefix.pch */ = {isa = PBXFileReference; fileEncoding = 4; lastKnownFileType = sourcecode.c.h; name = "IRDroplet-Prefix.pch"; path = "IRDroplet/IRDroplet-Prefix.pch"; sourceTree = SOURCE_ROOT; };
		FF779F34140BF51D00BB974C /* UIKit.framework */ = {isa = PBXFileReference; lastKnownFileType = wrapper.framework; name = UIKit.framework; path = System/Library/Frameworks/UIKit.framework; sourceTree = SDKROOT; };
		FF779F36140BF52000BB974C /* CoreGraphics.framework */ = {isa = PBXFileReference; lastKnownFileType = wrapper.framework; name = CoreGraphics.framework; path = System/Library/Frameworks/CoreGraphics.framework; sourceTree = SDKROOT; };
/* End PBXFileReference section */

/* Begin PBXFrameworksBuildPhase section */
		FF779E6D140BF47D00BB974C /* Frameworks */ = {
			isa = PBXFrameworksBuildPhase;
			buildActionMask = 2147483647;
			files = (
				FF2AC62A140D599700263CB4 /* Security.framework in Frameworks */,
				FF779E74140BF47D00BB974C /* Foundation.framework in Frameworks */,
				FF779F37140BF52000BB974C /* CoreGraphics.framework in Frameworks */,
				FF779F35140BF51D00BB974C /* UIKit.framework in Frameworks */,
			);
			runOnlyForDeploymentPostprocessing = 0;
		};
/* End PBXFrameworksBuildPhase section */

/* Begin PBXGroup section */
		FF2A545A150E4F4000553DA6 /* JSON */ = {
			isa = PBXGroup;
			children = (
				FF2A545B150E4F4000553DA6 /* DBJSON.h */,
				FF2A545C150E4F4000553DA6 /* DBJSON.m */,
				FF2A545D150E4F4000553DA6 /* DBJsonBase.h */,
				FF2A545E150E4F4000553DA6 /* DBJsonBase.m */,
				FF2A545F150E4F4000553DA6 /* DBJsonParser.h */,
				FF2A5460150E4F4000553DA6 /* DBJsonParser.m */,
				FF2A5461150E4F4000553DA6 /* DBJsonWriter.h */,
				FF2A5462150E4F4000553DA6 /* DBJsonWriter.m */,
				FF2A5463150E4F4000553DA6 /* JSON.h */,
				FF2A5464150E4F4000553DA6 /* NSObject+DBJSON.h */,
				FF2A5465150E4F4000553DA6 /* NSObject+DBJSON.m */,
				FF2A5466150E4F4000553DA6 /* NSString+DBJSON.h */,
				FF2A5467150E4F4000553DA6 /* NSString+DBJSON.m */,
			);
			path = JSON;
			sourceTree = "<group>";
		};
		FF2A5468150E4F4000553DA6 /* MPOAuth */ = {
			isa = PBXGroup;
			children = (
				FF2A5469150E4F4000553DA6 /* Crypto */,
				FF2A546C150E4F4000553DA6 /* MPDebug.h */,
				FF2A546D150E4F4000553DA6 /* MPOAuth.h */,
				FF2A546E150E4F4000553DA6 /* MPOAuthAPI.h */,
				FF2A546F150E4F4000553DA6 /* MPOAuthAPI.m */,
				FF2A5470150E4F4000553DA6 /* MPOAuthAPIRequestLoader.h */,
				FF2A5471150E4F4000553DA6 /* MPOAuthAPIRequestLoader.m */,
				FF2A5472150E4F4000553DA6 /* MPOAuthAuthenticationMethod.h */,
				FF2A5473150E4F4000553DA6 /* MPOAuthAuthenticationMethod.m */,
				FF2A5474150E4F4000553DA6 /* MPOAuthAuthenticationMethodOAuth.h */,
				FF2A5475150E4F4000553DA6 /* MPOAuthAuthenticationMethodOAuth.m */,
				FF2A5476150E4F4000553DA6 /* MPOAuthConnection.h */,
				FF2A5477150E4F4000553DA6 /* MPOAuthConnection.m */,
				FF2A5478150E4F4000553DA6 /* MPOAuthCredentiaIConcreteStore+KeychainAdditionsMac.m */,
				FF2A5479150E4F4000553DA6 /* MPOAuthCredentialConcreteStore+KeychainAdditions.h */,
				FF2A547A150E4F4000553DA6 /* MPOAuthCredentialConcreteStore+KeychainAdditionsiPhone.m */,
				FF2A547B150E4F4000553DA6 /* MPOAuthCredentialConcreteStore.h */,
				FF2A547C150E4F4000553DA6 /* MPOAuthCredentialConcreteStore.m */,
				FF2A547D150E4F4000553DA6 /* MPOAuthCredentialStore.h */,
				FF2A547E150E4F4000553DA6 /* MPOAuthParameterFactory.h */,
				FF2A547F150E4F4000553DA6 /* MPOAuthSignatureParameter.h */,
				FF2A5480150E4F4000553DA6 /* MPOAuthSignatureParameter.m */,
				FF2A5481150E4F4000553DA6 /* MPOAuthURLRequest.h */,
				FF2A5482150E4F4000553DA6 /* MPOAuthURLRequest.m */,
				FF2A5483150E4F4000553DA6 /* MPOAuthURLResponse.h */,
				FF2A5484150E4F4000553DA6 /* MPOAuthURLResponse.m */,
				FF2A5485150E4F4000553DA6 /* MPURLRequestParameter.h */,
				FF2A5486150E4F4000553DA6 /* MPURLRequestParameter.m */,
				FF2A5487150E4F4000553DA6 /* NSString+URLEscapingAdditions.m */,
				FF2A5488150E4F4000553DA6 /* NSURL+MPURLParameterAdditions.m */,
				FF2A5489150E4F4000553DA6 /* NSURLResponse+Encoding.m */,
			);
			path = MPOAuth;
			sourceTree = "<group>";
		};
		FF2A5469150E4F4000553DA6 /* Crypto */ = {
			isa = PBXGroup;
			children = (
				FF2A546A150E4F4000553DA6 /* Base64Transcoder.c */,
				FF2A546B150E4F4000553DA6 /* Base64Transcoder.h */,
			);
			path = Crypto;
			sourceTree = "<group>";
		};
		FF779E65140BF47D00BB974C = {
			isa = PBXGroup;
			children = (
				FF779E75140BF47D00BB974C /* IRDroplet */,
				FF779E84140BF49600BB974C /* DropboxSDK */,
				FF779E72140BF47D00BB974C /* Frameworks */,
				FF779E71140BF47D00BB974C /* Products */,
			);
			sourceTree = "<group>";
		};
		FF779E71140BF47D00BB974C /* Products */ = {
			isa = PBXGroup;
			children = (
				FF779E70140BF47D00BB974C /* libIRDroplet.a */,
			);
			name = Products;
			sourceTree = "<group>";
		};
		FF779E72140BF47D00BB974C /* Frameworks */ = {
			isa = PBXGroup;
			children = (
				FF2AC629140D599700263CB4 /* Security.framework */,
				FF779E73140BF47D00BB974C /* Foundation.framework */,
				FF779F36140BF52000BB974C /* CoreGraphics.framework */,
				FF779F34140BF51D00BB974C /* UIKit.framework */,
			);
			name = Frameworks;
			sourceTree = "<group>";
		};
		FF779E75140BF47D00BB974C /* IRDroplet */ = {
			isa = PBXGroup;
			children = (
				FF779F2A140BF4DB00BB974C /* IRDroplet.h */,
				FF779F2B140BF4DB00BB974C /* IRDroplet.m */,
				FF779E76140BF47D00BB974C /* Supporting Files */,
			);
			name = IRDroplet;
			path = droplet;
			sourceTree = "<group>";
		};
		FF779E76140BF47D00BB974C /* Supporting Files */ = {
			isa = PBXGroup;
			children = (
				FF779F2E140BF4DF00BB974C /* IRDroplet-Prefix.pch */,
			);
			name = "Supporting Files";
			sourceTree = "<group>";
		};
		FF779E84140BF49600BB974C /* DropboxSDK */ = {
			isa = PBXGroup;
			children = (
				FF2A5446150E4F4000553DA6 /* DBAccountInfo.h */,
				FF2A5447150E4F4000553DA6 /* DBAccountInfo.m */,
				FF2A5448150E4F4000553DA6 /* DBDefines.h */,
				FF2A5449150E4F4000553DA6 /* DBError.h */,
				FF2A544A150E4F4000553DA6 /* DBError.m */,
				FF2A544B150E4F4000553DA6 /* DBLoadingView.h */,
				FF2A544C150E4F4000553DA6 /* DBLoadingView.m */,
				FF2A544D150E4F4000553DA6 /* DBLog.h */,
				FF2A544E150E4F4000553DA6 /* DBLog.m */,
				FF2A544F150E4F4000553DA6 /* DBMetadata.h */,
				FF2A5450150E4F4000553DA6 /* DBMetadata.m */,
				FF2A5451150E4F4000553DA6 /* DBQuota.h */,
				FF2A5452150E4F4000553DA6 /* DBQuota.m */,
				FF2A5453150E4F4000553DA6 /* DBRequest.h */,
				FF2A5454150E4F4000553DA6 /* DBRequest.m */,
				FF2A5455150E4F4000553DA6 /* DBRestClient.h */,
				FF2A5456150E4F4000553DA6 /* DBRestClient.m */,
				FF2A5457150E4F4000553DA6 /* DBSession.h */,
				FF2A5458150E4F4000553DA6 /* DBSession.m */,
				FF2A5459150E4F4000553DA6 /* DropboxSDK.h */,
				FF2A545A150E4F4000553DA6 /* JSON */,
				FF2A5468150E4F4000553DA6 /* MPOAuth */,
				FF2A548A150E4F4000553DA6 /* NSDictionary+Dropbox.h */,
				FF2A548B150E4F4000553DA6 /* NSDictionary+Dropbox.m */,
				FF2A548E150E4F4000553DA6 /* NSString+Dropbox.h */,
				FF2A548F150E4F4000553DA6 /* NSString+Dropbox.m */,
				FF2A5493150E4F4000553DA6 /* UIAlertView+Dropbox.h */,
				FF2A5494150E4F4000553DA6 /* UIAlertView+Dropbox.m */,
			);
			path = DropboxSDK;
			sourceTree = "<group>";
		};
/* End PBXGroup section */

/* Begin PBXHeadersBuildPhase section */
		FF779E6E140BF47D00BB974C /* Headers */ = {
			isa = PBXHeadersBuildPhase;
			buildActionMask = 2147483647;
			files = (
				FF779F2C140BF4DB00BB974C /* IRDroplet.h in Headers */,
				FF779F2F140BF4DF00BB974C /* IRDroplet-Prefix.pch in Headers */,
				FF2A5495150E4F4000553DA6 /* DBAccountInfo.h in Headers */,
				FF2A5497150E4F4000553DA6 /* DBDefines.h in Headers */,
				FF2A5498150E4F4000553DA6 /* DBError.h in Headers */,
				FF2A549A150E4F4000553DA6 /* DBLoadingView.h in Headers */,
				FF2A549C150E4F4000553DA6 /* DBLog.h in Headers */,
				FF2A549E150E4F4000553DA6 /* DBMetadata.h in Headers */,
				FF2A54A0150E4F4000553DA6 /* DBQuota.h in Headers */,
				FF2A54A2150E4F4000553DA6 /* DBRequest.h in Headers */,
				FF2A54A4150E4F4000553DA6 /* DBRestClient.h in Headers */,
				FF2A54A6150E4F4000553DA6 /* DBSession.h in Headers */,
				FF2A54A8150E4F4000553DA6 /* DropboxSDK.h in Headers */,
				FF2A54A9150E4F4000553DA6 /* DBJSON.h in Headers */,
				FF2A54AB150E4F4000553DA6 /* DBJsonBase.h in Headers */,
				FF2A54AD150E4F4000553DA6 /* DBJsonParser.h in Headers */,
				FF2A54AF150E4F4000553DA6 /* DBJsonWriter.h in Headers */,
				FF2A54B1150E4F4000553DA6 /* JSON.h in Headers */,
				FF2A54B2150E4F4000553DA6 /* NSObject+DBJSON.h in Headers */,
				FF2A54B4150E4F4000553DA6 /* NSString+DBJSON.h in Headers */,
				FF2A54B7150E4F4000553DA6 /* Base64Transcoder.h in Headers */,
				FF2A54B8150E4F4000553DA6 /* MPDebug.h in Headers */,
				FF2A54B9150E4F4000553DA6 /* MPOAuth.h in Headers */,
				FF2A54BA150E4F4000553DA6 /* MPOAuthAPI.h in Headers */,
				FF2A54BC150E4F4000553DA6 /* MPOAuthAPIRequestLoader.h in Headers */,
				FF2A54BE150E4F4000553DA6 /* MPOAuthAuthenticationMethod.h in Headers */,
				FF2A54C0150E4F4000553DA6 /* MPOAuthAuthenticationMethodOAuth.h in Headers */,
				FF2A54C2150E4F4000553DA6 /* MPOAuthConnection.h in Headers */,
				FF2A54C5150E4F4000553DA6 /* MPOAuthCredentialConcreteStore+KeychainAdditions.h in Headers */,
				FF2A54C7150E4F4000553DA6 /* MPOAuthCredentialConcreteStore.h in Headers */,
				FF2A54C9150E4F4000553DA6 /* MPOAuthCredentialStore.h in Headers */,
				FF2A54CA150E4F4000553DA6 /* MPOAuthParameterFactory.h in Headers */,
				FF2A54CB150E4F4000553DA6 /* MPOAuthSignatureParameter.h in Headers */,
				FF2A54CD150E4F4000553DA6 /* MPOAuthURLRequest.h in Headers */,
				FF2A54CF150E4F4000553DA6 /* MPOAuthURLResponse.h in Headers */,
				FF2A54D1150E4F4000553DA6 /* MPURLRequestParameter.h in Headers */,
				FF2A54D6150E4F4000553DA6 /* NSDictionary+Dropbox.h in Headers */,
				FF2A54DA150E4F4000553DA6 /* NSString+Dropbox.h in Headers */,
				FF2A54DF150E4F4000553DA6 /* UIAlertView+Dropbox.h in Headers */,
			);
			runOnlyForDeploymentPostprocessing = 0;
		};
/* End PBXHeadersBuildPhase section */

/* Begin PBXNativeTarget section */
		FF779E6F140BF47D00BB974C /* IRDroplet */ = {
			isa = PBXNativeTarget;
			buildConfigurationList = FF779E7D140BF47D00BB974C /* Build configuration list for PBXNativeTarget "IRDroplet" */;
			buildPhases = (
				FF779E6C140BF47D00BB974C /* Sources */,
				FF779E6D140BF47D00BB974C /* Frameworks */,
				FF779E6E140BF47D00BB974C /* Headers */,
			);
			buildRules = (
			);
			dependencies = (
			);
			name = IRDroplet;
			productName = droplet;
			productReference = FF779E70140BF47D00BB974C /* libIRDroplet.a */;
			productType = "com.apple.product-type.library.static";
		};
/* End PBXNativeTarget section */

/* Begin PBXProject section */
		FF779E67140BF47D00BB974C /* Project object */ = {
			isa = PBXProject;
			attributes = {
				ORGANIZATIONNAME = "Iridia Productions";
			};
			buildConfigurationList = FF779E6A140BF47D00BB974C /* Build configuration list for PBXProject "IRDroplet" */;
			compatibilityVersion = "Xcode 3.2";
			developmentRegion = English;
			hasScannedForEncodings = 0;
			knownRegions = (
				en,
			);
			mainGroup = FF779E65140BF47D00BB974C;
			productRefGroup = FF779E71140BF47D00BB974C /* Products */;
			projectDirPath = "";
			projectRoot = "";
			targets = (
				FF779E6F140BF47D00BB974C /* IRDroplet */,
			);
		};
/* End PBXProject section */

/* Begin PBXSourcesBuildPhase section */
		FF779E6C140BF47D00BB974C /* Sources */ = {
			isa = PBXSourcesBuildPhase;
			buildActionMask = 2147483647;
			files = (
				FF779F2D140BF4DB00BB974C /* IRDroplet.m in Sources */,
				FF2A5496150E4F4000553DA6 /* DBAccountInfo.m in Sources */,
				FF2A5499150E4F4000553DA6 /* DBError.m in Sources */,
				FF2A549B150E4F4000553DA6 /* DBLoadingView.m in Sources */,
				FF2A549D150E4F4000553DA6 /* DBLog.m in Sources */,
				FF2A549F150E4F4000553DA6 /* DBMetadata.m in Sources */,
				FF2A54A1150E4F4000553DA6 /* DBQuota.m in Sources */,
				FF2A54A3150E4F4000553DA6 /* DBRequest.m in Sources */,
				FF2A54A5150E4F4000553DA6 /* DBRestClient.m in Sources */,
				FF2A54A7150E4F4000553DA6 /* DBSession.m in Sources */,
				FF2A54AA150E4F4000553DA6 /* DBJSON.m in Sources */,
				FF2A54AC150E4F4000553DA6 /* DBJsonBase.m in Sources */,
				FF2A54AE150E4F4000553DA6 /* DBJsonParser.m in Sources */,
				FF2A54B0150E4F4000553DA6 /* DBJsonWriter.m in Sources */,
				FF2A54B3150E4F4000553DA6 /* NSObject+DBJSON.m in Sources */,
				FF2A54B5150E4F4000553DA6 /* NSString+DBJSON.m in Sources */,
				FF2A54B6150E4F4000553DA6 /* Base64Transcoder.c in Sources */,
				FF2A54BB150E4F4000553DA6 /* MPOAuthAPI.m in Sources */,
				FF2A54BD150E4F4000553DA6 /* MPOAuthAPIRequestLoader.m in Sources */,
				FF2A54BF150E4F4000553DA6 /* MPOAuthAuthenticationMethod.m in Sources */,
				FF2A54C1150E4F4000553DA6 /* MPOAuthAuthenticationMethodOAuth.m in Sources */,
				FF2A54C3150E4F4000553DA6 /* MPOAuthConnection.m in Sources */,
				FF2A54C4150E4F4000553DA6 /* MPOAuthCredentiaIConcreteStore+KeychainAdditionsMac.m in Sources */,
				FF2A54C6150E4F4000553DA6 /* MPOAuthCredentialConcreteStore+KeychainAdditionsiPhone.m in Sources */,
				FF2A54C8150E4F4000553DA6 /* MPOAuthCredentialConcreteStore.m in Sources */,
				FF2A54CC150E4F4000553DA6 /* MPOAuthSignatureParameter.m in Sources */,
				FF2A54CE150E4F4000553DA6 /* MPOAuthURLRequest.m in Sources */,
				FF2A54D0150E4F4000553DA6 /* MPOAuthURLResponse.m in Sources */,
				FF2A54D2150E4F4000553DA6 /* MPURLRequestParameter.m in Sources */,
				FF2A54D3150E4F4000553DA6 /* NSString+URLEscapingAdditions.m in Sources */,
				FF2A54D4150E4F4000553DA6 /* NSURL+MPURLParameterAdditions.m in Sources */,
				FF2A54D5150E4F4000553DA6 /* NSURLResponse+Encoding.m in Sources */,
				FF2A54D7150E4F4000553DA6 /* NSDictionary+Dropbox.m in Sources */,
				FF2A54DB150E4F4000553DA6 /* NSString+Dropbox.m in Sources */,
				FF2A54E0150E4F4000553DA6 /* UIAlertView+Dropbox.m in Sources */,
			);
			runOnlyForDeploymentPostprocessing = 0;
		};
/* End PBXSourcesBuildPhase section */

/* Begin XCBuildConfiguration section */
		FF779E7B140BF47D00BB974C /* Debug */ = {
			isa = XCBuildConfiguration;
			buildSettings = {
				ALWAYS_SEARCH_USER_PATHS = NO;
				ARCHS = "$(ARCHS_STANDARD_32_BIT)";
				CLANG_ENABLE_OBJC_ARC = NO;
				COPY_PHASE_STRIP = NO;
				GCC_C_LANGUAGE_STANDARD = gnu99;
				GCC_DYNAMIC_NO_PIC = NO;
				GCC_OPTIMIZATION_LEVEL = 0;
				GCC_PREPROCESSOR_DEFINITIONS = (
					"DEBUG=1",
					"$(inherited)",
				);
				GCC_SYMBOLS_PRIVATE_EXTERN = NO;
				GCC_VERSION = com.apple.compilers.llvm.clang.1_0;
				GCC_WARN_ABOUT_MISSING_PROTOTYPES = YES;
				GCC_WARN_ABOUT_RETURN_TYPE = YES;
				GCC_WARN_UNUSED_VARIABLE = YES;
				IPHONEOS_DEPLOYMENT_TARGET = 4.3;
				SDKROOT = iphoneos4.3;
			};
			name = Debug;
		};
		FF779E7C140BF47D00BB974C /* Release */ = {
			isa = XCBuildConfiguration;
			buildSettings = {
				ALWAYS_SEARCH_USER_PATHS = NO;
				ARCHS = "$(ARCHS_STANDARD_32_BIT)";
				CLANG_ENABLE_OBJC_ARC = NO;
				COPY_PHASE_STRIP = YES;
				GCC_C_LANGUAGE_STANDARD = gnu99;
				GCC_VERSION = com.apple.compilers.llvm.clang.1_0;
				GCC_WARN_ABOUT_MISSING_PROTOTYPES = YES;
				GCC_WARN_ABOUT_RETURN_TYPE = YES;
				GCC_WARN_UNUSED_VARIABLE = YES;
				IPHONEOS_DEPLOYMENT_TARGET = 4.3;
				SDKROOT = iphoneos4.3;
				VALIDATE_PRODUCT = YES;
			};
			name = Release;
		};
		FF779E7E140BF47D00BB974C /* Debug */ = {
			isa = XCBuildConfiguration;
			buildSettings = {
				DSTROOT = /tmp/droplet.dst;
				GCC_PRECOMPILE_PREFIX_HEADER = YES;
				GCC_PREFIX_HEADER = "IRDroplet/IRDroplet-Prefix.pch";
				OTHER_LDFLAGS = (
					"-ObjC",
					"-all_load",
				);
				PRODUCT_NAME = "$(TARGET_NAME)";
				SDKROOT = iphoneos;
				SKIP_INSTALL = YES;
			};
			name = Debug;
		};
		FF779E7F140BF47D00BB974C /* Release */ = {
			isa = XCBuildConfiguration;
			buildSettings = {
				DSTROOT = /tmp/droplet.dst;
				GCC_PRECOMPILE_PREFIX_HEADER = YES;
				GCC_PREFIX_HEADER = "IRDroplet/IRDroplet-Prefix.pch";
				OTHER_LDFLAGS = (
					"-ObjC",
					"-all_load",
				);
				PRODUCT_NAME = "$(TARGET_NAME)";
				SDKROOT = iphoneos;
				SKIP_INSTALL = YES;
			};
			name = Release;
		};
/* End XCBuildConfiguration section */

/* Begin XCConfigurationList section */
		FF779E6A140BF47D00BB974C /* Build configuration list for PBXProject "IRDroplet" */ = {
			isa = XCConfigurationList;
			buildConfigurations = (
				FF779E7B140BF47D00BB974C /* Debug */,
				FF779E7C140BF47D00BB974C /* Release */,
			);
			defaultConfigurationIsVisible = 0;
			defaultConfigurationName = Release;
		};
		FF779E7D140BF47D00BB974C /* Build configuration list for PBXNativeTarget "IRDroplet" */ = {
			isa = XCConfigurationList;
			buildConfigurations = (
				FF779E7E140BF47D00BB974C /* Debug */,
				FF779E7F140BF47D00BB974C /* Release */,
			);
			defaultConfigurationIsVisible = 0;
			defaultConfigurationName = Release;
		};
/* End XCConfigurationList section */
	};
	rootObject = FF779E67140BF47D00BB974C /* Project object */;
}
